// !$*UTF8*$!
{
	archiveVersion = 1;
	classes = {
	};
	objectVersion = 56;
	objects = {

/* Begin PBXBuildFile section */
		260C5D15292852A800F028D6 /* SignUpView.swift in Sources */ = {isa = PBXBuildFile; fileRef = 260C5D14292852A800F028D6 /* SignUpView.swift */; };
		260C5D1729285ED900F028D6 /* BBButton.swift in Sources */ = {isa = PBXBuildFile; fileRef = 260C5D1629285ED900F028D6 /* BBButton.swift */; };
		260C5D1929285F3A00F028D6 /* BBTextField.swift in Sources */ = {isa = PBXBuildFile; fileRef = 260C5D1829285F3A00F028D6 /* BBTextField.swift */; };
		260C5D1B29285F5100F028D6 /* Colors.swift in Sources */ = {isa = PBXBuildFile; fileRef = 260C5D1A29285F5100F028D6 /* Colors.swift */; };
		260C5D1D2928657700F028D6 /* AuthenticationManager.swift in Sources */ = {isa = PBXBuildFile; fileRef = 260C5D1C2928657700F028D6 /* AuthenticationManager.swift */; };
		2624896229289BED00A04455 /* MarketplaceView.swift in Sources */ = {isa = PBXBuildFile; fileRef = 2624896129289BED00A04455 /* MarketplaceView.swift */; };
		2624896829289C2200A04455 /* WalletView.swift in Sources */ = {isa = PBXBuildFile; fileRef = 2624896729289C2200A04455 /* WalletView.swift */; };
		2624896A29289C2600A04455 /* MatchesView.swift in Sources */ = {isa = PBXBuildFile; fileRef = 2624896929289C2600A04455 /* MatchesView.swift */; };
		2624896C29289C3800A04455 /* RootView.swift in Sources */ = {isa = PBXBuildFile; fileRef = 2624896B29289C3800A04455 /* RootView.swift */; };
		2624896F2928AAC300A04455 /* MatchDetailsView.swift in Sources */ = {isa = PBXBuildFile; fileRef = 2624896E2928AAC300A04455 /* MatchDetailsView.swift */; };
		262489712928AAD700A04455 /* MatchEntryRow.swift in Sources */ = {isa = PBXBuildFile; fileRef = 262489702928AAD700A04455 /* MatchEntryRow.swift */; };
		265BD8CF292BB707005A6701 /* Card.swift in Sources */ = {isa = PBXBuildFile; fileRef = 265BD8C9292BB707005A6701 /* Card.swift */; };
		265BD8D0292BB707005A6701 /* User.swift in Sources */ = {isa = PBXBuildFile; fileRef = 265BD8CA292BB707005A6701 /* User.swift */; };
		265BD8D1292BB707005A6701 /* Match.swift in Sources */ = {isa = PBXBuildFile; fileRef = 265BD8CB292BB707005A6701 /* Match.swift */; };
		265BD8D2292BB707005A6701 /* Side.swift in Sources */ = {isa = PBXBuildFile; fileRef = 265BD8CC292BB707005A6701 /* Side.swift */; };
		265BD8D3292BB707005A6701 /* CardRarity.swift in Sources */ = {isa = PBXBuildFile; fileRef = 265BD8CD292BB707005A6701 /* CardRarity.swift */; };
		265BD8D4292BB707005A6701 /* MasterOrder.swift in Sources */ = {isa = PBXBuildFile; fileRef = 265BD8CE292BB707005A6701 /* MasterOrder.swift */; };
		2670596C292A3E8000A1BCCE /* SignInViewModel.swift in Sources */ = {isa = PBXBuildFile; fileRef = 2670596B292A3E8000A1BCCE /* SignInViewModel.swift */; };
		2670596F292A3E9A00A1BCCE /* SignUpViewModel.swift in Sources */ = {isa = PBXBuildFile; fileRef = 2670596E292A3E9A00A1BCCE /* SignUpViewModel.swift */; };
		26705973292A3EDD00A1BCCE /* MarketplaceViewModel.swift in Sources */ = {isa = PBXBuildFile; fileRef = 26705972292A3EDD00A1BCCE /* MarketplaceViewModel.swift */; };
		26705976292A3F1400A1BCCE /* OrderSheetViewModel.swift in Sources */ = {isa = PBXBuildFile; fileRef = 26705975292A3F1400A1BCCE /* OrderSheetViewModel.swift */; };
		26705978292A3F3E00A1BCCE /* MarketplaceCardDetailsViewModel.swift in Sources */ = {isa = PBXBuildFile; fileRef = 26705977292A3F3E00A1BCCE /* MarketplaceCardDetailsViewModel.swift */; };
		2670597A292A3F6100A1BCCE /* PendingCardOrderRow.swift in Sources */ = {isa = PBXBuildFile; fileRef = 26705979292A3F6100A1BCCE /* PendingCardOrderRow.swift */; };
		2670597E292A3FD300A1BCCE /* MatchesViewModel.swift in Sources */ = {isa = PBXBuildFile; fileRef = 2670597D292A3FD300A1BCCE /* MatchesViewModel.swift */; };
		26705981292A409C00A1BCCE /* AllCardsListViewModel.swift in Sources */ = {isa = PBXBuildFile; fileRef = 26705980292A409C00A1BCCE /* AllCardsListViewModel.swift */; };
		26705983292A40AE00A1BCCE /* WalletViewModel.swift in Sources */ = {isa = PBXBuildFile; fileRef = 26705982292A40AE00A1BCCE /* WalletViewModel.swift */; };
		26705985292A40CA00A1BCCE /* EditOrderSheet.swift in Sources */ = {isa = PBXBuildFile; fileRef = 26705984292A40CA00A1BCCE /* EditOrderSheet.swift */; };
		26705987292A40E400A1BCCE /* EditOrderSheetViewModel.swift in Sources */ = {isa = PBXBuildFile; fileRef = 26705986292A40E400A1BCCE /* EditOrderSheetViewModel.swift */; };
		269DB9AB29284A4900606CA2 /* PokeChangeApp.swift in Sources */ = {isa = PBXBuildFile; fileRef = 269DB9AA29284A4900606CA2 /* PokeChangeApp.swift */; };
		269DB9AD29284A4900606CA2 /* ContentView.swift in Sources */ = {isa = PBXBuildFile; fileRef = 269DB9AC29284A4900606CA2 /* ContentView.swift */; };
		269DB9AF29284A4A00606CA2 /* Assets.xcassets in Resources */ = {isa = PBXBuildFile; fileRef = 269DB9AE29284A4A00606CA2 /* Assets.xcassets */; };
		26E982202928E8A800016325 /* PendingOrderRow.swift in Sources */ = {isa = PBXBuildFile; fileRef = 26E9821F2928E8A800016325 /* PendingOrderRow.swift */; };
		26E982222928E8AD00016325 /* TopCardRow.swift in Sources */ = {isa = PBXBuildFile; fileRef = 26E982212928E8AD00016325 /* TopCardRow.swift */; };
		26E982242928F2CC00016325 /* MarketplaceCardThumbnail.swift in Sources */ = {isa = PBXBuildFile; fileRef = 26E982232928F2CC00016325 /* MarketplaceCardThumbnail.swift */; };
		26E982262929590E00016325 /* AllCardsListView.swift in Sources */ = {isa = PBXBuildFile; fileRef = 26E982252929590E00016325 /* AllCardsListView.swift */; };
		26E982282929777300016325 /* OrderSheetView.swift in Sources */ = {isa = PBXBuildFile; fileRef = 26E982272929777300016325 /* OrderSheetView.swift */; };
		2F36D79C292860D000205B63 /* SignInView.swift in Sources */ = {isa = PBXBuildFile; fileRef = 2F36D79B292860D000205B63 /* SignInView.swift */; };
		2F82726129293395003A2C83 /* MarketplaceCardDetailsView.swift in Sources */ = {isa = PBXBuildFile; fileRef = 2F82726029293395003A2C83 /* MarketplaceCardDetailsView.swift */; };
/* End PBXBuildFile section */

/* Begin PBXFileReference section */
		260C5D14292852A800F028D6 /* SignUpView.swift */ = {isa = PBXFileReference; lastKnownFileType = sourcecode.swift; path = SignUpView.swift; sourceTree = "<group>"; };
		260C5D1629285ED900F028D6 /* BBButton.swift */ = {isa = PBXFileReference; lastKnownFileType = sourcecode.swift; path = BBButton.swift; sourceTree = "<group>"; };
		260C5D1829285F3A00F028D6 /* BBTextField.swift */ = {isa = PBXFileReference; lastKnownFileType = sourcecode.swift; path = BBTextField.swift; sourceTree = "<group>"; };
		260C5D1A29285F5100F028D6 /* Colors.swift */ = {isa = PBXFileReference; lastKnownFileType = sourcecode.swift; path = Colors.swift; sourceTree = "<group>"; };
		260C5D1C2928657700F028D6 /* AuthenticationManager.swift */ = {isa = PBXFileReference; lastKnownFileType = sourcecode.swift; path = AuthenticationManager.swift; sourceTree = "<group>"; };
		2624896129289BED00A04455 /* MarketplaceView.swift */ = {isa = PBXFileReference; lastKnownFileType = sourcecode.swift; path = MarketplaceView.swift; sourceTree = "<group>"; };
		2624896729289C2200A04455 /* WalletView.swift */ = {isa = PBXFileReference; lastKnownFileType = sourcecode.swift; path = WalletView.swift; sourceTree = "<group>"; };
		2624896929289C2600A04455 /* MatchesView.swift */ = {isa = PBXFileReference; lastKnownFileType = sourcecode.swift; path = MatchesView.swift; sourceTree = "<group>"; };
		2624896B29289C3800A04455 /* RootView.swift */ = {isa = PBXFileReference; lastKnownFileType = sourcecode.swift; path = RootView.swift; sourceTree = "<group>"; };
		2624896E2928AAC300A04455 /* MatchDetailsView.swift */ = {isa = PBXFileReference; lastKnownFileType = sourcecode.swift; path = MatchDetailsView.swift; sourceTree = "<group>"; };
		262489702928AAD700A04455 /* MatchEntryRow.swift */ = {isa = PBXFileReference; lastKnownFileType = sourcecode.swift; path = MatchEntryRow.swift; sourceTree = "<group>"; };
		265BD8C9292BB707005A6701 /* Card.swift */ = {isa = PBXFileReference; fileEncoding = 4; lastKnownFileType = sourcecode.swift; path = Card.swift; sourceTree = "<group>"; };
		265BD8CA292BB707005A6701 /* User.swift */ = {isa = PBXFileReference; fileEncoding = 4; lastKnownFileType = sourcecode.swift; path = User.swift; sourceTree = "<group>"; };
		265BD8CB292BB707005A6701 /* Match.swift */ = {isa = PBXFileReference; fileEncoding = 4; lastKnownFileType = sourcecode.swift; path = Match.swift; sourceTree = "<group>"; };
		265BD8CC292BB707005A6701 /* Side.swift */ = {isa = PBXFileReference; fileEncoding = 4; lastKnownFileType = sourcecode.swift; path = Side.swift; sourceTree = "<group>"; };
		265BD8CD292BB707005A6701 /* CardRarity.swift */ = {isa = PBXFileReference; fileEncoding = 4; lastKnownFileType = sourcecode.swift; path = CardRarity.swift; sourceTree = "<group>"; };
		265BD8CE292BB707005A6701 /* MasterOrder.swift */ = {isa = PBXFileReference; fileEncoding = 4; lastKnownFileType = sourcecode.swift; path = MasterOrder.swift; sourceTree = "<group>"; };
		2670596B292A3E8000A1BCCE /* SignInViewModel.swift */ = {isa = PBXFileReference; lastKnownFileType = sourcecode.swift; path = SignInViewModel.swift; sourceTree = "<group>"; };
		2670596E292A3E9A00A1BCCE /* SignUpViewModel.swift */ = {isa = PBXFileReference; lastKnownFileType = sourcecode.swift; path = SignUpViewModel.swift; sourceTree = "<group>"; };
		26705972292A3EDD00A1BCCE /* MarketplaceViewModel.swift */ = {isa = PBXFileReference; lastKnownFileType = sourcecode.swift; path = MarketplaceViewModel.swift; sourceTree = "<group>"; };
		26705975292A3F1400A1BCCE /* OrderSheetViewModel.swift */ = {isa = PBXFileReference; lastKnownFileType = sourcecode.swift; path = OrderSheetViewModel.swift; sourceTree = "<group>"; };
		26705977292A3F3E00A1BCCE /* MarketplaceCardDetailsViewModel.swift */ = {isa = PBXFileReference; lastKnownFileType = sourcecode.swift; path = MarketplaceCardDetailsViewModel.swift; sourceTree = "<group>"; };
		26705979292A3F6100A1BCCE /* PendingCardOrderRow.swift */ = {isa = PBXFileReference; lastKnownFileType = sourcecode.swift; path = PendingCardOrderRow.swift; sourceTree = "<group>"; };
		2670597D292A3FD300A1BCCE /* MatchesViewModel.swift */ = {isa = PBXFileReference; lastKnownFileType = sourcecode.swift; path = MatchesViewModel.swift; sourceTree = "<group>"; };
		26705980292A409C00A1BCCE /* AllCardsListViewModel.swift */ = {isa = PBXFileReference; lastKnownFileType = sourcecode.swift; path = AllCardsListViewModel.swift; sourceTree = "<group>"; };
		26705982292A40AE00A1BCCE /* WalletViewModel.swift */ = {isa = PBXFileReference; lastKnownFileType = sourcecode.swift; path = WalletViewModel.swift; sourceTree = "<group>"; };
		26705984292A40CA00A1BCCE /* EditOrderSheet.swift */ = {isa = PBXFileReference; lastKnownFileType = sourcecode.swift; path = EditOrderSheet.swift; sourceTree = "<group>"; };
		26705986292A40E400A1BCCE /* EditOrderSheetViewModel.swift */ = {isa = PBXFileReference; lastKnownFileType = sourcecode.swift; path = EditOrderSheetViewModel.swift; sourceTree = "<group>"; };
		269DB9A729284A4900606CA2 /* App.app */ = {isa = PBXFileReference; explicitFileType = wrapper.application; includeInIndex = 0; path = App.app; sourceTree = BUILT_PRODUCTS_DIR; };
		269DB9AA29284A4900606CA2 /* PokeChangeApp.swift */ = {isa = PBXFileReference; lastKnownFileType = sourcecode.swift; path = PokeChangeApp.swift; sourceTree = "<group>"; };
		269DB9AC29284A4900606CA2 /* ContentView.swift */ = {isa = PBXFileReference; lastKnownFileType = sourcecode.swift; path = ContentView.swift; sourceTree = "<group>"; };
		269DB9AE29284A4A00606CA2 /* Assets.xcassets */ = {isa = PBXFileReference; lastKnownFileType = folder.assetcatalog; path = Assets.xcassets; sourceTree = "<group>"; };
		26E9821F2928E8A800016325 /* PendingOrderRow.swift */ = {isa = PBXFileReference; lastKnownFileType = sourcecode.swift; path = PendingOrderRow.swift; sourceTree = "<group>"; };
		26E982212928E8AD00016325 /* TopCardRow.swift */ = {isa = PBXFileReference; lastKnownFileType = sourcecode.swift; path = TopCardRow.swift; sourceTree = "<group>"; };
		26E982232928F2CC00016325 /* MarketplaceCardThumbnail.swift */ = {isa = PBXFileReference; lastKnownFileType = sourcecode.swift; path = MarketplaceCardThumbnail.swift; sourceTree = "<group>"; };
		26E982252929590E00016325 /* AllCardsListView.swift */ = {isa = PBXFileReference; lastKnownFileType = sourcecode.swift; path = AllCardsListView.swift; sourceTree = "<group>"; };
		26E982272929777300016325 /* OrderSheetView.swift */ = {isa = PBXFileReference; lastKnownFileType = sourcecode.swift; path = OrderSheetView.swift; sourceTree = "<group>"; };
		2F36D79B292860D000205B63 /* SignInView.swift */ = {isa = PBXFileReference; lastKnownFileType = sourcecode.swift; path = SignInView.swift; sourceTree = "<group>"; };
		2F82726029293395003A2C83 /* MarketplaceCardDetailsView.swift */ = {isa = PBXFileReference; lastKnownFileType = sourcecode.swift; path = MarketplaceCardDetailsView.swift; sourceTree = "<group>"; };
/* End PBXFileReference section */

/* Begin PBXFrameworksBuildPhase section */
		269DB9A429284A4900606CA2 /* Frameworks */ = {
			isa = PBXFrameworksBuildPhase;
			buildActionMask = 2147483647;
			files = (
			);
			runOnlyForDeploymentPostprocessing = 0;
		};
/* End PBXFrameworksBuildPhase section */

/* Begin PBXGroup section */
		2624896329289BFA00A04455 /* Tabs */ = {
			isa = PBXGroup;
			children = (
				2624896429289C0000A04455 /* Marketplace */,
				2624896529289C0600A04455 /* Wallet */,
				2624896629289C0A00A04455 /* Matches */,
			);
			path = Tabs;
			sourceTree = "<group>";
		};
		2624896429289C0000A04455 /* Marketplace */ = {
			isa = PBXGroup;
			children = (
				26705974292A3EFD00A1BCCE /* Main View */,
				2670597B292A3F8C00A1BCCE /* Details */,
				2670597C292A3FA300A1BCCE /* Order Sheet */,
				26705979292A3F6100A1BCCE /* PendingCardOrderRow.swift */,
				26E982232928F2CC00016325 /* MarketplaceCardThumbnail.swift */,
			);
			path = Marketplace;
			sourceTree = "<group>";
		};
		2624896529289C0600A04455 /* Wallet */ = {
			isa = PBXGroup;
			children = (
				26705989292A40FF00A1BCCE /* Main View */,
				26705988292A40F500A1BCCE /* Edit Order Sheet */,
				2670598A292A410600A1BCCE /* All Card List */,
				26E982212928E8AD00016325 /* TopCardRow.swift */,
				26E9821F2928E8A800016325 /* PendingOrderRow.swift */,
			);
			path = Wallet;
			sourceTree = "<group>";
		};
		2624896629289C0A00A04455 /* Matches */ = {
			isa = PBXGroup;
			children = (
				2670597F292A405000A1BCCE /* Main View */,
				262489702928AAD700A04455 /* MatchEntryRow.swift */,
				2624896E2928AAC300A04455 /* MatchDetailsView.swift */,
			);
			path = Matches;
			sourceTree = "<group>";
		};
		265BD8C8292BB707005A6701 /* Models */ = {
			isa = PBXGroup;
			children = (
				265BD8C9292BB707005A6701 /* Card.swift */,
				265BD8CA292BB707005A6701 /* User.swift */,
				265BD8CB292BB707005A6701 /* Match.swift */,
				265BD8CC292BB707005A6701 /* Side.swift */,
				265BD8CD292BB707005A6701 /* CardRarity.swift */,
				265BD8CE292BB707005A6701 /* MasterOrder.swift */,
			);
			path = Models;
			sourceTree = "<group>";
		};
		26705967292A3E4A00A1BCCE /* Authentication */ = {
			isa = PBXGroup;
			children = (
				2670596A292A3E7800A1BCCE /* Sign In */,
				2670596D292A3E8F00A1BCCE /* Sign Up */,
				260C5D1C2928657700F028D6 /* AuthenticationManager.swift */,
			);
			path = Authentication;
			sourceTree = "<group>";
		};
		26705968292A3E5900A1BCCE /* Components */ = {
			isa = PBXGroup;
			children = (
				260C5D1629285ED900F028D6 /* BBButton.swift */,
				260C5D1829285F3A00F028D6 /* BBTextField.swift */,
			);
			path = Components;
			sourceTree = "<group>";
		};
		26705969292A3E6600A1BCCE /* Extensions */ = {
			isa = PBXGroup;
			children = (
				260C5D1A29285F5100F028D6 /* Colors.swift */,
			);
			path = Extensions;
			sourceTree = "<group>";
		};
		2670596A292A3E7800A1BCCE /* Sign In */ = {
			isa = PBXGroup;
			children = (
				2F36D79B292860D000205B63 /* SignInView.swift */,
				2670596B292A3E8000A1BCCE /* SignInViewModel.swift */,
			);
			path = "Sign In";
			sourceTree = "<group>";
		};
		2670596D292A3E8F00A1BCCE /* Sign Up */ = {
			isa = PBXGroup;
			children = (
				260C5D14292852A800F028D6 /* SignUpView.swift */,
				2670596E292A3E9A00A1BCCE /* SignUpViewModel.swift */,
			);
			path = "Sign Up";
			sourceTree = "<group>";
		};
		26705974292A3EFD00A1BCCE /* Main View */ = {
			isa = PBXGroup;
			children = (
				2624896129289BED00A04455 /* MarketplaceView.swift */,
				26705972292A3EDD00A1BCCE /* MarketplaceViewModel.swift */,
			);
			path = "Main View";
			sourceTree = "<group>";
		};
		2670597B292A3F8C00A1BCCE /* Details */ = {
			isa = PBXGroup;
			children = (
				2F82726029293395003A2C83 /* MarketplaceCardDetailsView.swift */,
				26705977292A3F3E00A1BCCE /* MarketplaceCardDetailsViewModel.swift */,
			);
			path = Details;
			sourceTree = "<group>";
		};
		2670597C292A3FA300A1BCCE /* Order Sheet */ = {
			isa = PBXGroup;
			children = (
				26E982272929777300016325 /* OrderSheetView.swift */,
				26705975292A3F1400A1BCCE /* OrderSheetViewModel.swift */,
			);
			path = "Order Sheet";
			sourceTree = "<group>";
		};
		2670597F292A405000A1BCCE /* Main View */ = {
			isa = PBXGroup;
			children = (
				2624896929289C2600A04455 /* MatchesView.swift */,
				2670597D292A3FD300A1BCCE /* MatchesViewModel.swift */,
			);
			path = "Main View";
			sourceTree = "<group>";
		};
		26705988292A40F500A1BCCE /* Edit Order Sheet */ = {
			isa = PBXGroup;
			children = (
				26705984292A40CA00A1BCCE /* EditOrderSheet.swift */,
				26705986292A40E400A1BCCE /* EditOrderSheetViewModel.swift */,
			);
			path = "Edit Order Sheet";
			sourceTree = "<group>";
		};
		26705989292A40FF00A1BCCE /* Main View */ = {
			isa = PBXGroup;
			children = (
				2624896729289C2200A04455 /* WalletView.swift */,
				26705982292A40AE00A1BCCE /* WalletViewModel.swift */,
			);
			path = "Main View";
			sourceTree = "<group>";
		};
		2670598A292A410600A1BCCE /* All Card List */ = {
			isa = PBXGroup;
			children = (
				26E982252929590E00016325 /* AllCardsListView.swift */,
				26705980292A409C00A1BCCE /* AllCardsListViewModel.swift */,
			);
			path = "All Card List";
			sourceTree = "<group>";
		};
		269DB99E29284A4900606CA2 = {
			isa = PBXGroup;
			children = (
				269DB9A929284A4900606CA2 /* Sources */,
				269DB9A829284A4900606CA2 /* Products */,
			);
			sourceTree = "<group>";
		};
		269DB9A829284A4900606CA2 /* Products */ = {
			isa = PBXGroup;
			children = (
				269DB9A729284A4900606CA2 /* App.app */,
			);
			name = Products;
			sourceTree = "<group>";
		};
		269DB9A929284A4900606CA2 /* Sources */ = {
			isa = PBXGroup;
			children = (
				269DB9AA29284A4900606CA2 /* PokeChangeApp.swift */,
				269DB9AC29284A4900606CA2 /* ContentView.swift */,
				2624896B29289C3800A04455 /* RootView.swift */,
				265BD8C8292BB707005A6701 /* Models */,
				26705967292A3E4A00A1BCCE /* Authentication */,
				2624896329289BFA00A04455 /* Tabs */,
				26705968292A3E5900A1BCCE /* Components */,
				26705969292A3E6600A1BCCE /* Extensions */,
				269DB9AE29284A4A00606CA2 /* Assets.xcassets */,
			);
			path = Sources;
			sourceTree = "<group>";
		};
/* End PBXGroup section */

/* Begin PBXNativeTarget section */
		269DB9A629284A4900606CA2 /* App */ = {
			isa = PBXNativeTarget;
			buildConfigurationList = 269DB9B529284A4A00606CA2 /* Build configuration list for PBXNativeTarget "App" */;
			buildPhases = (
				269DB9A329284A4900606CA2 /* Sources */,
				269DB9A429284A4900606CA2 /* Frameworks */,
				269DB9A529284A4900606CA2 /* Resources */,
			);
			buildRules = (
			);
			dependencies = (
			);
			name = App;
			productName = App;
			productReference = 269DB9A729284A4900606CA2 /* App.app */;
			productType = "com.apple.product-type.application";
		};
/* End PBXNativeTarget section */

/* Begin PBXProject section */
		269DB99F29284A4900606CA2 /* Project object */ = {
			isa = PBXProject;
			attributes = {
				BuildIndependentTargetsInParallel = 1;
				LastSwiftUpdateCheck = 1410;
				LastUpgradeCheck = 1410;
				TargetAttributes = {
					269DB9A629284A4900606CA2 = {
						CreatedOnToolsVersion = 14.1;
					};
				};
			};
			buildConfigurationList = 269DB9A229284A4900606CA2 /* Build configuration list for PBXProject "App" */;
			compatibilityVersion = "Xcode 14.0";
			developmentRegion = en;
			hasScannedForEncodings = 0;
			knownRegions = (
				en,
				Base,
			);
			mainGroup = 269DB99E29284A4900606CA2;
			productRefGroup = 269DB9A829284A4900606CA2 /* Products */;
			projectDirPath = "";
			projectRoot = "";
			targets = (
				269DB9A629284A4900606CA2 /* App */,
			);
		};
/* End PBXProject section */

/* Begin PBXResourcesBuildPhase section */
		269DB9A529284A4900606CA2 /* Resources */ = {
			isa = PBXResourcesBuildPhase;
			buildActionMask = 2147483647;
			files = (
				269DB9AF29284A4A00606CA2 /* Assets.xcassets in Resources */,
			);
			runOnlyForDeploymentPostprocessing = 0;
		};
/* End PBXResourcesBuildPhase section */

/* Begin PBXSourcesBuildPhase section */
		269DB9A329284A4900606CA2 /* Sources */ = {
			isa = PBXSourcesBuildPhase;
			buildActionMask = 2147483647;
			files = (
				26705981292A409C00A1BCCE /* AllCardsListViewModel.swift in Sources */,
				2F82726129293395003A2C83 /* MarketplaceCardDetailsView.swift in Sources */,
				26E982282929777300016325 /* OrderSheetView.swift in Sources */,
				26705978292A3F3E00A1BCCE /* MarketplaceCardDetailsViewModel.swift in Sources */,
				265BD8D3292BB707005A6701 /* CardRarity.swift in Sources */,
				26E982242928F2CC00016325 /* MarketplaceCardThumbnail.swift in Sources */,
				2670596C292A3E8000A1BCCE /* SignInViewModel.swift in Sources */,
				269DB9AD29284A4900606CA2 /* ContentView.swift in Sources */,
				2670597A292A3F6100A1BCCE /* PendingCardOrderRow.swift in Sources */,
				2624896A29289C2600A04455 /* MatchesView.swift in Sources */,
				26E982262929590E00016325 /* AllCardsListView.swift in Sources */,
				26E982202928E8A800016325 /* PendingOrderRow.swift in Sources */,
				2624896829289C2200A04455 /* WalletView.swift in Sources */,
				26705985292A40CA00A1BCCE /* EditOrderSheet.swift in Sources */,
				2F36D79C292860D000205B63 /* SignInView.swift in Sources */,
				26E982222928E8AD00016325 /* TopCardRow.swift in Sources */,
				2670596F292A3E9A00A1BCCE /* SignUpViewModel.swift in Sources */,
				26705973292A3EDD00A1BCCE /* MarketplaceViewModel.swift in Sources */,
				2624896229289BED00A04455 /* MarketplaceView.swift in Sources */,
				26705976292A3F1400A1BCCE /* OrderSheetViewModel.swift in Sources */,
				260C5D1B29285F5100F028D6 /* Colors.swift in Sources */,
				2670597E292A3FD300A1BCCE /* MatchesViewModel.swift in Sources */,
				260C5D1D2928657700F028D6 /* AuthenticationManager.swift in Sources */,
				265BD8D4292BB707005A6701 /* MasterOrder.swift in Sources */,
				26705983292A40AE00A1BCCE /* WalletViewModel.swift in Sources */,
				260C5D1729285ED900F028D6 /* BBButton.swift in Sources */,
				2624896C29289C3800A04455 /* RootView.swift in Sources */,
				265BD8D1292BB707005A6701 /* Match.swift in Sources */,
				260C5D15292852A800F028D6 /* SignUpView.swift in Sources */,
				26705987292A40E400A1BCCE /* EditOrderSheetViewModel.swift in Sources */,
				260C5D1929285F3A00F028D6 /* BBTextField.swift in Sources */,
				2624896F2928AAC300A04455 /* MatchDetailsView.swift in Sources */,
				269DB9AB29284A4900606CA2 /* PokeChangeApp.swift in Sources */,
				262489712928AAD700A04455 /* MatchEntryRow.swift in Sources */,
				265BD8D2292BB707005A6701 /* Side.swift in Sources */,
				265BD8CF292BB707005A6701 /* Card.swift in Sources */,
				265BD8D0292BB707005A6701 /* User.swift in Sources */,
			);
			runOnlyForDeploymentPostprocessing = 0;
		};
/* End PBXSourcesBuildPhase section */

/* Begin XCBuildConfiguration section */
		269DB9B329284A4A00606CA2 /* Debug */ = {
			isa = XCBuildConfiguration;
			buildSettings = {
				ALWAYS_SEARCH_USER_PATHS = NO;
				CLANG_ANALYZER_NONNULL = YES;
				CLANG_ANALYZER_NUMBER_OBJECT_CONVERSION = YES_AGGRESSIVE;
				CLANG_CXX_LANGUAGE_STANDARD = "gnu++20";
				CLANG_ENABLE_MODULES = YES;
				CLANG_ENABLE_OBJC_ARC = YES;
				CLANG_ENABLE_OBJC_WEAK = YES;
				CLANG_WARN_BLOCK_CAPTURE_AUTORELEASING = YES;
				CLANG_WARN_BOOL_CONVERSION = YES;
				CLANG_WARN_COMMA = YES;
				CLANG_WARN_CONSTANT_CONVERSION = YES;
				CLANG_WARN_DEPRECATED_OBJC_IMPLEMENTATIONS = YES;
				CLANG_WARN_DIRECT_OBJC_ISA_USAGE = YES_ERROR;
				CLANG_WARN_DOCUMENTATION_COMMENTS = YES;
				CLANG_WARN_EMPTY_BODY = YES;
				CLANG_WARN_ENUM_CONVERSION = YES;
				CLANG_WARN_INFINITE_RECURSION = YES;
				CLANG_WARN_INT_CONVERSION = YES;
				CLANG_WARN_NON_LITERAL_NULL_CONVERSION = YES;
				CLANG_WARN_OBJC_IMPLICIT_RETAIN_SELF = YES;
				CLANG_WARN_OBJC_LITERAL_CONVERSION = YES;
				CLANG_WARN_OBJC_ROOT_CLASS = YES_ERROR;
				CLANG_WARN_QUOTED_INCLUDE_IN_FRAMEWORK_HEADER = YES;
				CLANG_WARN_RANGE_LOOP_ANALYSIS = YES;
				CLANG_WARN_STRICT_PROTOTYPES = YES;
				CLANG_WARN_SUSPICIOUS_MOVE = YES;
				CLANG_WARN_UNGUARDED_AVAILABILITY = YES_AGGRESSIVE;
				CLANG_WARN_UNREACHABLE_CODE = YES;
				CLANG_WARN__DUPLICATE_METHOD_MATCH = YES;
				COPY_PHASE_STRIP = NO;
				DEBUG_INFORMATION_FORMAT = dwarf;
				ENABLE_STRICT_OBJC_MSGSEND = YES;
				ENABLE_TESTABILITY = YES;
				GCC_C_LANGUAGE_STANDARD = gnu11;
				GCC_DYNAMIC_NO_PIC = NO;
				GCC_NO_COMMON_BLOCKS = YES;
				GCC_OPTIMIZATION_LEVEL = 0;
				GCC_PREPROCESSOR_DEFINITIONS = (
					"DEBUG=1",
					"$(inherited)",
				);
				GCC_WARN_64_TO_32_BIT_CONVERSION = YES;
				GCC_WARN_ABOUT_RETURN_TYPE = YES_ERROR;
				GCC_WARN_UNDECLARED_SELECTOR = YES;
				GCC_WARN_UNINITIALIZED_AUTOS = YES_AGGRESSIVE;
				GCC_WARN_UNUSED_FUNCTION = YES;
				GCC_WARN_UNUSED_VARIABLE = YES;
				IPHONEOS_DEPLOYMENT_TARGET = 16.1;
				MTL_ENABLE_DEBUG_INFO = INCLUDE_SOURCE;
				MTL_FAST_MATH = YES;
				ONLY_ACTIVE_ARCH = YES;
				SDKROOT = iphoneos;
				SWIFT_ACTIVE_COMPILATION_CONDITIONS = DEBUG;
				SWIFT_OPTIMIZATION_LEVEL = "-Onone";
			};
			name = Debug;
		};
		269DB9B429284A4A00606CA2 /* Release */ = {
			isa = XCBuildConfiguration;
			buildSettings = {
				ALWAYS_SEARCH_USER_PATHS = NO;
				CLANG_ANALYZER_NONNULL = YES;
				CLANG_ANALYZER_NUMBER_OBJECT_CONVERSION = YES_AGGRESSIVE;
				CLANG_CXX_LANGUAGE_STANDARD = "gnu++20";
				CLANG_ENABLE_MODULES = YES;
				CLANG_ENABLE_OBJC_ARC = YES;
				CLANG_ENABLE_OBJC_WEAK = YES;
				CLANG_WARN_BLOCK_CAPTURE_AUTORELEASING = YES;
				CLANG_WARN_BOOL_CONVERSION = YES;
				CLANG_WARN_COMMA = YES;
				CLANG_WARN_CONSTANT_CONVERSION = YES;
				CLANG_WARN_DEPRECATED_OBJC_IMPLEMENTATIONS = YES;
				CLANG_WARN_DIRECT_OBJC_ISA_USAGE = YES_ERROR;
				CLANG_WARN_DOCUMENTATION_COMMENTS = YES;
				CLANG_WARN_EMPTY_BODY = YES;
				CLANG_WARN_ENUM_CONVERSION = YES;
				CLANG_WARN_INFINITE_RECURSION = YES;
				CLANG_WARN_INT_CONVERSION = YES;
				CLANG_WARN_NON_LITERAL_NULL_CONVERSION = YES;
				CLANG_WARN_OBJC_IMPLICIT_RETAIN_SELF = YES;
				CLANG_WARN_OBJC_LITERAL_CONVERSION = YES;
				CLANG_WARN_OBJC_ROOT_CLASS = YES_ERROR;
				CLANG_WARN_QUOTED_INCLUDE_IN_FRAMEWORK_HEADER = YES;
				CLANG_WARN_RANGE_LOOP_ANALYSIS = YES;
				CLANG_WARN_STRICT_PROTOTYPES = YES;
				CLANG_WARN_SUSPICIOUS_MOVE = YES;
				CLANG_WARN_UNGUARDED_AVAILABILITY = YES_AGGRESSIVE;
				CLANG_WARN_UNREACHABLE_CODE = YES;
				CLANG_WARN__DUPLICATE_METHOD_MATCH = YES;
				COPY_PHASE_STRIP = NO;
				DEBUG_INFORMATION_FORMAT = "dwarf-with-dsym";
				ENABLE_NS_ASSERTIONS = NO;
				ENABLE_STRICT_OBJC_MSGSEND = YES;
				GCC_C_LANGUAGE_STANDARD = gnu11;
				GCC_NO_COMMON_BLOCKS = YES;
				GCC_WARN_64_TO_32_BIT_CONVERSION = YES;
				GCC_WARN_ABOUT_RETURN_TYPE = YES_ERROR;
				GCC_WARN_UNDECLARED_SELECTOR = YES;
				GCC_WARN_UNINITIALIZED_AUTOS = YES_AGGRESSIVE;
				GCC_WARN_UNUSED_FUNCTION = YES;
				GCC_WARN_UNUSED_VARIABLE = YES;
				IPHONEOS_DEPLOYMENT_TARGET = 16.1;
				MTL_ENABLE_DEBUG_INFO = NO;
				MTL_FAST_MATH = YES;
				SDKROOT = iphoneos;
				SWIFT_COMPILATION_MODE = wholemodule;
				SWIFT_OPTIMIZATION_LEVEL = "-O";
				VALIDATE_PRODUCT = YES;
			};
			name = Release;
		};
		269DB9B629284A4A00606CA2 /* Debug */ = {
			isa = XCBuildConfiguration;
			buildSettings = {
				ASSETCATALOG_COMPILER_APPICON_NAME = AppIcon;
				ASSETCATALOG_COMPILER_GLOBAL_ACCENT_COLOR_NAME = AccentColor;
				CODE_SIGN_STYLE = Automatic;
				CURRENT_PROJECT_VERSION = 1;
				DEVELOPMENT_TEAM = DFY4NX59MH;
				ENABLE_PREVIEWS = YES;
				GENERATE_INFOPLIST_FILE = YES;
				INFOPLIST_KEY_CFBundleDisplayName = "PokéChange";
				INFOPLIST_KEY_LSApplicationCategoryType = "public.app-category.finance";
				INFOPLIST_KEY_UIApplicationSceneManifest_Generation = YES;
				INFOPLIST_KEY_UIApplicationSupportsIndirectInputEvents = YES;
				INFOPLIST_KEY_UILaunchScreen_Generation = YES;
				INFOPLIST_KEY_UISupportedInterfaceOrientations = UIInterfaceOrientationPortrait;
				INFOPLIST_KEY_UISupportedInterfaceOrientations_iPad = "UIInterfaceOrientationLandscapeLeft UIInterfaceOrientationLandscapeRight UIInterfaceOrientationPortrait UIInterfaceOrientationPortraitUpsideDown";
				LD_RUNPATH_SEARCH_PATHS = (
					"$(inherited)",
					"@executable_path/Frameworks",
				);
				MARKETING_VERSION = 1.0;
				PRODUCT_BUNDLE_IDENTIFIER = me.samialfhaily.PokeChange;
				PRODUCT_NAME = "$(TARGET_NAME)";
				SUPPORTED_PLATFORMS = "iphoneos iphonesimulator";
				SUPPORTS_MACCATALYST = NO;
				SUPPORTS_MAC_DESIGNED_FOR_IPHONE_IPAD = NO;
				SWIFT_EMIT_LOC_STRINGS = YES;
				SWIFT_VERSION = 5.0;
				TARGETED_DEVICE_FAMILY = 1;
			};
			name = Debug;
		};
		269DB9B729284A4A00606CA2 /* Release */ = {
			isa = XCBuildConfiguration;
			buildSettings = {
				ASSETCATALOG_COMPILER_APPICON_NAME = AppIcon;
				ASSETCATALOG_COMPILER_GLOBAL_ACCENT_COLOR_NAME = AccentColor;
				CODE_SIGN_STYLE = Automatic;
				CURRENT_PROJECT_VERSION = 1;
				DEVELOPMENT_TEAM = DFY4NX59MH;
				ENABLE_PREVIEWS = YES;
				GENERATE_INFOPLIST_FILE = YES;
				INFOPLIST_KEY_CFBundleDisplayName = "PokéChange";
				INFOPLIST_KEY_LSApplicationCategoryType = "public.app-category.finance";
				INFOPLIST_KEY_UIApplicationSceneManifest_Generation = YES;
				INFOPLIST_KEY_UIApplicationSupportsIndirectInputEvents = YES;
				INFOPLIST_KEY_UILaunchScreen_Generation = YES;
				INFOPLIST_KEY_UISupportedInterfaceOrientations = UIInterfaceOrientationPortrait;
				INFOPLIST_KEY_UISupportedInterfaceOrientations_iPad = "UIInterfaceOrientationLandscapeLeft UIInterfaceOrientationLandscapeRight UIInterfaceOrientationPortrait UIInterfaceOrientationPortraitUpsideDown";
				LD_RUNPATH_SEARCH_PATHS = (
					"$(inherited)",
					"@executable_path/Frameworks",
				);
				MARKETING_VERSION = 1.0;
				PRODUCT_BUNDLE_IDENTIFIER = me.samialfhaily.PokeChange;
				PRODUCT_NAME = "$(TARGET_NAME)";
				SUPPORTED_PLATFORMS = "iphoneos iphonesimulator";
				SUPPORTS_MACCATALYST = NO;
				SUPPORTS_MAC_DESIGNED_FOR_IPHONE_IPAD = NO;
				SWIFT_EMIT_LOC_STRINGS = YES;
				SWIFT_VERSION = 5.0;
				TARGETED_DEVICE_FAMILY = 1;
			};
			name = Release;
		};
/* End XCBuildConfiguration section */

/* Begin XCConfigurationList section */
		269DB9A229284A4900606CA2 /* Build configuration list for PBXProject "App" */ = {
			isa = XCConfigurationList;
			buildConfigurations = (
				269DB9B329284A4A00606CA2 /* Debug */,
				269DB9B429284A4A00606CA2 /* Release */,
			);
			defaultConfigurationIsVisible = 0;
			defaultConfigurationName = Release;
		};
		269DB9B529284A4A00606CA2 /* Build configuration list for PBXNativeTarget "App" */ = {
			isa = XCConfigurationList;
			buildConfigurations = (
				269DB9B629284A4A00606CA2 /* Debug */,
				269DB9B729284A4A00606CA2 /* Release */,
			);
			defaultConfigurationIsVisible = 0;
			defaultConfigurationName = Release;
		};
/* End XCConfigurationList section */
	};
	rootObject = 269DB99F29284A4900606CA2 /* Project object */;
}
